schema: '2.0'
stages:
  data_ingestion:
    cmd: python src/components/data_ingestion.py
    deps:
    - path: config/config.yaml
      hash: md5
      md5: 0ec8ee8a77e4ae28f8c8990d260d1efe
      size: 1390
    - path: src/components/data_ingestion.py
      hash: md5
      md5: 3ed9514080a0d0bfc22482b100e8a06f
      size: 2035
    outs:
    - path: artifacts/data_ingestion
      hash: md5
      md5: 6b22cd66e16fbd1fe3e1f887277ae914.dir
      size: 249168907
      nfiles: 1001
  prepare_base_model:
    cmd: python src/components/base_model.py
    deps:
    - path: config/config.yaml
      hash: md5
      md5: 0ec8ee8a77e4ae28f8c8990d260d1efe
      size: 1390
    - path: src/components/base_model.py
      hash: md5
      md5: a44bd75eb480e8dd695813b217276399
      size: 3746
    params:
      params.yaml:
        CLASSES: 4
        IMAGE_SIZE:
        - 224
        - 224
        - 3
        INCLUDE_TOP: false
        LEARNING_RATE: 0.001
        WEIGHTS: imagenet
    outs:
    - path: artifacts/base_model
      hash: md5
      md5: 1f694f9d7752606815b8b11081720735.dir
      size: 160752576
      nfiles: 2
  training:
    cmd: python src/components/model_trainer.py
    deps:
    - path: artifacts/base_model
      hash: md5
      md5: 1f694f9d7752606815b8b11081720735.dir
      size: 160752576
      nfiles: 2
    - path: artifacts/data_ingestion/Data
      hash: md5
      md5: 3ddc2c0e262e947578d73eeec3119af6.dir
      size: 124956798
      nfiles: 1000
    - path: config/config.yaml
      hash: md5
      md5: 0ec8ee8a77e4ae28f8c8990d260d1efe
      size: 1390
    - path: src/components/model_trainer.py
      hash: md5
      md5: 61fbab76bc71daa536d4031c5a594d81
      size: 6363
    params:
      params.yaml:
        AUGMENTATION: true
        BATCH_SIZE: 8
        EPOCHS: 25
        IMAGE_SIZE:
        - 224
        - 224
        - 3
    outs:
    - path: artifacts/model_trainer
      hash: md5
      md5: a49f849afcb5b358649040b993e3d32a.dir
      size: 80694425
      nfiles: 4
  evaluation:
    cmd: python src/components/model_evaluation.py
    deps:
    - path: artifacts/data_ingestion/Data/test
      hash: md5
      md5: e0a2c120e6f96a38d0407e5cde8d5b8b.dir
      size: 43286575
      nfiles: 315
    - path: artifacts/model_trainer/trained_model.h5
      hash: md5
      md5: 782d26ec53c415343a47a2c354041c6e
      size: 80586064
    - path: config/config.yaml
      hash: md5
      md5: 0ec8ee8a77e4ae28f8c8990d260d1efe
      size: 1390
    - path: src/components/model_evaluation.py
      hash: md5
      md5: 9e9a36fa85661770ca2c6112ed262aca
      size: 3916
    params:
      params.yaml:
        BATCH_SIZE: 8
        IMAGE_SIZE:
        - 224
        - 224
        - 3
    outs:
    - path: artifacts/model_evaluation/evaluation_scores.json
      hash: md5
      md5: fbebb8f50afae48abdd97ec3b83d3755
      size: 73
